// !$*UTF8*$!
{
	archiveVersion = 1;
	classes = {
	};
	objectVersion = 46;
	objects = {

/* Begin PBXBuildFile section */
		2820523D1F6D92BF009AE71F /* AppDelegate.swift in Sources */ = {isa = PBXBuildFile; fileRef = 2820523C1F6D92BF009AE71F /* AppDelegate.swift */; };
		2820523F1F6D92BF009AE71F /* ViewController.swift in Sources */ = {isa = PBXBuildFile; fileRef = 2820523E1F6D92BF009AE71F /* ViewController.swift */; };
		282052421F6D92BF009AE71F /* Main.storyboard in Resources */ = {isa = PBXBuildFile; fileRef = 282052401F6D92BF009AE71F /* Main.storyboard */; };
		282052441F6D92BF009AE71F /* Assets.xcassets in Resources */ = {isa = PBXBuildFile; fileRef = 282052431F6D92BF009AE71F /* Assets.xcassets */; };
		282052471F6D92BF009AE71F /* LaunchScreen.storyboard in Resources */ = {isa = PBXBuildFile; fileRef = 282052451F6D92BF009AE71F /* LaunchScreen.storyboard */; };
		282052521F6D92BF009AE71F /* UserLoginTemplateTests.swift in Sources */ = {isa = PBXBuildFile; fileRef = 282052511F6D92BF009AE71F /* UserLoginTemplateTests.swift */; };
		2820525D1F6D92BF009AE71F /* UserLoginTemplateUITests.swift in Sources */ = {isa = PBXBuildFile; fileRef = 2820525C1F6D92BF009AE71F /* UserLoginTemplateUITests.swift */; };
		2820526B1F6D9FC0009AE71F /* SignInViewController.swift in Sources */ = {isa = PBXBuildFile; fileRef = 2820526A1F6D9FC0009AE71F /* SignInViewController.swift */; };
		2820526D1F6DA253009AE71F /* RegisterUserViewController.swift in Sources */ = {isa = PBXBuildFile; fileRef = 2820526C1F6DA253009AE71F /* RegisterUserViewController.swift */; };
		2820526F1F6DF8D4009AE71F /* HomePageViewController.swift in Sources */ = {isa = PBXBuildFile; fileRef = 2820526E1F6DF8D4009AE71F /* HomePageViewController.swift */; };
		282052711F6EDC53009AE71F /* GoogleService-Info.plist in Resources */ = {isa = PBXBuildFile; fileRef = 282052701F6EDC53009AE71F /* GoogleService-Info.plist */; };
		28EC2F971F70B6E000B75524 /* ForgotPasswordViewController.swift in Sources */ = {isa = PBXBuildFile; fileRef = 28EC2F961F70B6E000B75524 /* ForgotPasswordViewController.swift */; };
		C7AE6065F5E0A10B26911C5F /* Pods_UserLoginTemplateTests.framework in Frameworks */ = {isa = PBXBuildFile; fileRef = EA78657BFA80A94FECA1514C /* Pods_UserLoginTemplateTests.framework */; };
		EC225D487B42EC92BEFCCD8C /* Pods_UserLoginTemplateUITests.framework in Frameworks */ = {isa = PBXBuildFile; fileRef = F023794C3A15B2F90FA59282 /* Pods_UserLoginTemplateUITests.framework */; };
		ECED428CEDB814B6DAD6E8E3 /* Pods_UserLoginTemplate.framework in Frameworks */ = {isa = PBXBuildFile; fileRef = 6B6FBF2D6D57F98D00E02D00 /* Pods_UserLoginTemplate.framework */; };
/* End PBXBuildFile section */

/* Begin PBXContainerItemProxy section */
		2820524E1F6D92BF009AE71F /* PBXContainerItemProxy */ = {
			isa = PBXContainerItemProxy;
			containerPortal = 282052311F6D92BF009AE71F /* Project object */;
			proxyType = 1;
			remoteGlobalIDString = 282052381F6D92BF009AE71F;
			remoteInfo = UserLoginTemplate;
		};
		282052591F6D92BF009AE71F /* PBXContainerItemProxy */ = {
			isa = PBXContainerItemProxy;
			containerPortal = 282052311F6D92BF009AE71F /* Project object */;
			proxyType = 1;
			remoteGlobalIDString = 282052381F6D92BF009AE71F;
			remoteInfo = UserLoginTemplate;
		};
/* End PBXContainerItemProxy section */

/* Begin PBXFileReference section */
		282052391F6D92BF009AE71F /* UserLoginTemplate.app */ = {isa = PBXFileReference; explicitFileType = wrapper.application; includeInIndex = 0; path = UserLoginTemplate.app; sourceTree = BUILT_PRODUCTS_DIR; };
		2820523C1F6D92BF009AE71F /* AppDelegate.swift */ = {isa = PBXFileReference; lastKnownFileType = sourcecode.swift; path = AppDelegate.swift; sourceTree = "<group>"; };
		2820523E1F6D92BF009AE71F /* ViewController.swift */ = {isa = PBXFileReference; lastKnownFileType = sourcecode.swift; path = ViewController.swift; sourceTree = "<group>"; };
		282052411F6D92BF009AE71F /* Base */ = {isa = PBXFileReference; lastKnownFileType = file.storyboard; name = Base; path = Base.lproj/Main.storyboard; sourceTree = "<group>"; };
		282052431F6D92BF009AE71F /* Assets.xcassets */ = {isa = PBXFileReference; lastKnownFileType = folder.assetcatalog; path = Assets.xcassets; sourceTree = "<group>"; };
		282052461F6D92BF009AE71F /* Base */ = {isa = PBXFileReference; lastKnownFileType = file.storyboard; name = Base; path = Base.lproj/LaunchScreen.storyboard; sourceTree = "<group>"; };
		282052481F6D92BF009AE71F /* Info.plist */ = {isa = PBXFileReference; lastKnownFileType = text.plist.xml; path = Info.plist; sourceTree = "<group>"; };
		2820524D1F6D92BF009AE71F /* UserLoginTemplateTests.xctest */ = {isa = PBXFileReference; explicitFileType = wrapper.cfbundle; includeInIndex = 0; path = UserLoginTemplateTests.xctest; sourceTree = BUILT_PRODUCTS_DIR; };
		282052511F6D92BF009AE71F /* UserLoginTemplateTests.swift */ = {isa = PBXFileReference; lastKnownFileType = sourcecode.swift; path = UserLoginTemplateTests.swift; sourceTree = "<group>"; };
		282052531F6D92BF009AE71F /* Info.plist */ = {isa = PBXFileReference; lastKnownFileType = text.plist.xml; path = Info.plist; sourceTree = "<group>"; };
		282052581F6D92BF009AE71F /* UserLoginTemplateUITests.xctest */ = {isa = PBXFileReference; explicitFileType = wrapper.cfbundle; includeInIndex = 0; path = UserLoginTemplateUITests.xctest; sourceTree = BUILT_PRODUCTS_DIR; };
		2820525C1F6D92BF009AE71F /* UserLoginTemplateUITests.swift */ = {isa = PBXFileReference; lastKnownFileType = sourcecode.swift; path = UserLoginTemplateUITests.swift; sourceTree = "<group>"; };
		2820525E1F6D92BF009AE71F /* Info.plist */ = {isa = PBXFileReference; lastKnownFileType = text.plist.xml; path = Info.plist; sourceTree = "<group>"; };
		2820526A1F6D9FC0009AE71F /* SignInViewController.swift */ = {isa = PBXFileReference; fileEncoding = 4; lastKnownFileType = sourcecode.swift; path = SignInViewController.swift; sourceTree = "<group>"; };
		2820526C1F6DA253009AE71F /* RegisterUserViewController.swift */ = {isa = PBXFileReference; fileEncoding = 4; lastKnownFileType = sourcecode.swift; path = RegisterUserViewController.swift; sourceTree = "<group>"; };
		2820526E1F6DF8D4009AE71F /* HomePageViewController.swift */ = {isa = PBXFileReference; fileEncoding = 4; lastKnownFileType = sourcecode.swift; path = HomePageViewController.swift; sourceTree = "<group>"; };
		282052701F6EDC53009AE71F /* GoogleService-Info.plist */ = {isa = PBXFileReference; fileEncoding = 4; lastKnownFileType = text.plist.xml; name = "GoogleService-Info.plist"; path = "../../../../Downloads/GoogleService-Info.plist"; sourceTree = "<group>"; };
		28EC2F961F70B6E000B75524 /* ForgotPasswordViewController.swift */ = {isa = PBXFileReference; fileEncoding = 4; lastKnownFileType = sourcecode.swift; path = ForgotPasswordViewController.swift; sourceTree = "<group>"; };
		399639F2EAA6CC8F55D3837C /* Pods-UserLoginTemplateTests.debug.xcconfig */ = {isa = PBXFileReference; includeInIndex = 1; lastKnownFileType = text.xcconfig; name = "Pods-UserLoginTemplateTests.debug.xcconfig"; path = "Pods/Target Support Files/Pods-UserLoginTemplateTests/Pods-UserLoginTemplateTests.debug.xcconfig"; sourceTree = "<group>"; };
		4373BE79FD8E09A48A74857C /* Pods-UserLoginTemplate.debug.xcconfig */ = {isa = PBXFileReference; includeInIndex = 1; lastKnownFileType = text.xcconfig; name = "Pods-UserLoginTemplate.debug.xcconfig"; path = "Pods/Target Support Files/Pods-UserLoginTemplate/Pods-UserLoginTemplate.debug.xcconfig"; sourceTree = "<group>"; };
		6B6FBF2D6D57F98D00E02D00 /* Pods_UserLoginTemplate.framework */ = {isa = PBXFileReference; explicitFileType = wrapper.framework; includeInIndex = 0; path = Pods_UserLoginTemplate.framework; sourceTree = BUILT_PRODUCTS_DIR; };
		6F588608683006CAC2F29E70 /* Pods-UserLoginTemplateTests.release.xcconfig */ = {isa = PBXFileReference; includeInIndex = 1; lastKnownFileType = text.xcconfig; name = "Pods-UserLoginTemplateTests.release.xcconfig"; path = "Pods/Target Support Files/Pods-UserLoginTemplateTests/Pods-UserLoginTemplateTests.release.xcconfig"; sourceTree = "<group>"; };
		78D9D6357FB07414FD77C309 /* Pods-UserLoginTemplateUITests.release.xcconfig */ = {isa = PBXFileReference; includeInIndex = 1; lastKnownFileType = text.xcconfig; name = "Pods-UserLoginTemplateUITests.release.xcconfig"; path = "Pods/Target Support Files/Pods-UserLoginTemplateUITests/Pods-UserLoginTemplateUITests.release.xcconfig"; sourceTree = "<group>"; };
		E4DCEBA01218D2923806E5E6 /* Pods-UserLoginTemplate.release.xcconfig */ = {isa = PBXFileReference; includeInIndex = 1; lastKnownFileType = text.xcconfig; name = "Pods-UserLoginTemplate.release.xcconfig"; path = "Pods/Target Support Files/Pods-UserLoginTemplate/Pods-UserLoginTemplate.release.xcconfig"; sourceTree = "<group>"; };
		EA78657BFA80A94FECA1514C /* Pods_UserLoginTemplateTests.framework */ = {isa = PBXFileReference; explicitFileType = wrapper.framework; includeInIndex = 0; path = Pods_UserLoginTemplateTests.framework; sourceTree = BUILT_PRODUCTS_DIR; };
		F023794C3A15B2F90FA59282 /* Pods_UserLoginTemplateUITests.framework */ = {isa = PBXFileReference; explicitFileType = wrapper.framework; includeInIndex = 0; path = Pods_UserLoginTemplateUITests.framework; sourceTree = BUILT_PRODUCTS_DIR; };
		FAD7088E62F925C939E94C8B /* Pods-UserLoginTemplateUITests.debug.xcconfig */ = {isa = PBXFileReference; includeInIndex = 1; lastKnownFileType = text.xcconfig; name = "Pods-UserLoginTemplateUITests.debug.xcconfig"; path = "Pods/Target Support Files/Pods-UserLoginTemplateUITests/Pods-UserLoginTemplateUITests.debug.xcconfig"; sourceTree = "<group>"; };
/* End PBXFileReference section */

/* Begin PBXFrameworksBuildPhase section */
		282052361F6D92BF009AE71F /* Frameworks */ = {
			isa = PBXFrameworksBuildPhase;
			buildActionMask = 2147483647;
			files = (
				ECED428CEDB814B6DAD6E8E3 /* Pods_UserLoginTemplate.framework in Frameworks */,
			);
			runOnlyForDeploymentPostprocessing = 0;
		};
		2820524A1F6D92BF009AE71F /* Frameworks */ = {
			isa = PBXFrameworksBuildPhase;
			buildActionMask = 2147483647;
			files = (
				C7AE6065F5E0A10B26911C5F /* Pods_UserLoginTemplateTests.framework in Frameworks */,
			);
			runOnlyForDeploymentPostprocessing = 0;
		};
		282052551F6D92BF009AE71F /* Frameworks */ = {
			isa = PBXFrameworksBuildPhase;
			buildActionMask = 2147483647;
			files = (
				EC225D487B42EC92BEFCCD8C /* Pods_UserLoginTemplateUITests.framework in Frameworks */,
			);
			runOnlyForDeploymentPostprocessing = 0;
		};
/* End PBXFrameworksBuildPhase section */

/* Begin PBXGroup section */
		13269951314E8BF85372E90F /* Frameworks */ = {
			isa = PBXGroup;
			children = (
				6B6FBF2D6D57F98D00E02D00 /* Pods_UserLoginTemplate.framework */,
				EA78657BFA80A94FECA1514C /* Pods_UserLoginTemplateTests.framework */,
				F023794C3A15B2F90FA59282 /* Pods_UserLoginTemplateUITests.framework */,
			);
			name = Frameworks;
			sourceTree = "<group>";
		};
		282052301F6D92BF009AE71F = {
			isa = PBXGroup;
			children = (
				2820523B1F6D92BF009AE71F /* UserLoginTemplate */,
				282052501F6D92BF009AE71F /* UserLoginTemplateTests */,
				2820525B1F6D92BF009AE71F /* UserLoginTemplateUITests */,
				2820523A1F6D92BF009AE71F /* Products */,
				508561F54E47EE133C78C658 /* Pods */,
				13269951314E8BF85372E90F /* Frameworks */,
			);
			sourceTree = "<group>";
		};
		2820523A1F6D92BF009AE71F /* Products */ = {
			isa = PBXGroup;
			children = (
				282052391F6D92BF009AE71F /* UserLoginTemplate.app */,
				2820524D1F6D92BF009AE71F /* UserLoginTemplateTests.xctest */,
				282052581F6D92BF009AE71F /* UserLoginTemplateUITests.xctest */,
			);
			name = Products;
			sourceTree = "<group>";
		};
		2820523B1F6D92BF009AE71F /* UserLoginTemplate */ = {
			isa = PBXGroup;
			children = (
				282052701F6EDC53009AE71F /* GoogleService-Info.plist */,
				2820523C1F6D92BF009AE71F /* AppDelegate.swift */,
				2820523E1F6D92BF009AE71F /* ViewController.swift */,
				282052401F6D92BF009AE71F /* Main.storyboard */,
				282052431F6D92BF009AE71F /* Assets.xcassets */,
				282052451F6D92BF009AE71F /* LaunchScreen.storyboard */,
				282052481F6D92BF009AE71F /* Info.plist */,
				2820526A1F6D9FC0009AE71F /* SignInViewController.swift */,
				2820526C1F6DA253009AE71F /* RegisterUserViewController.swift */,
				2820526E1F6DF8D4009AE71F /* HomePageViewController.swift */,
				28EC2F961F70B6E000B75524 /* ForgotPasswordViewController.swift */,
			);
			path = UserLoginTemplate;
			sourceTree = "<group>";
		};
		282052501F6D92BF009AE71F /* UserLoginTemplateTests */ = {
			isa = PBXGroup;
			children = (
				282052511F6D92BF009AE71F /* UserLoginTemplateTests.swift */,
				282052531F6D92BF009AE71F /* Info.plist */,
			);
			path = UserLoginTemplateTests;
			sourceTree = "<group>";
		};
		2820525B1F6D92BF009AE71F /* UserLoginTemplateUITests */ = {
			isa = PBXGroup;
			children = (
				2820525C1F6D92BF009AE71F /* UserLoginTemplateUITests.swift */,
				2820525E1F6D92BF009AE71F /* Info.plist */,
			);
			path = UserLoginTemplateUITests;
			sourceTree = "<group>";
		};
		508561F54E47EE133C78C658 /* Pods */ = {
			isa = PBXGroup;
			children = (
				4373BE79FD8E09A48A74857C /* Pods-UserLoginTemplate.debug.xcconfig */,
				E4DCEBA01218D2923806E5E6 /* Pods-UserLoginTemplate.release.xcconfig */,
				399639F2EAA6CC8F55D3837C /* Pods-UserLoginTemplateTests.debug.xcconfig */,
				6F588608683006CAC2F29E70 /* Pods-UserLoginTemplateTests.release.xcconfig */,
				FAD7088E62F925C939E94C8B /* Pods-UserLoginTemplateUITests.debug.xcconfig */,
				78D9D6357FB07414FD77C309 /* Pods-UserLoginTemplateUITests.release.xcconfig */,
			);
			name = Pods;
			sourceTree = "<group>";
		};
/* End PBXGroup section */

/* Begin PBXNativeTarget section */
		282052381F6D92BF009AE71F /* UserLoginTemplate */ = {
			isa = PBXNativeTarget;
			buildConfigurationList = 282052611F6D92BF009AE71F /* Build configuration list for PBXNativeTarget "UserLoginTemplate" */;
			buildPhases = (
				A3A04EDA85D20EC773C79241 /* [CP] Check Pods Manifest.lock */,
				282052351F6D92BF009AE71F /* Sources */,
				282052361F6D92BF009AE71F /* Frameworks */,
				282052371F6D92BF009AE71F /* Resources */,
				DC13CF23FDE1F067516CF6B0 /* [CP] Embed Pods Frameworks */,
				5567C4142376F16619AEEE6D /* [CP] Copy Pods Resources */,
			);
			buildRules = (
			);
			dependencies = (
			);
			name = UserLoginTemplate;
			productName = UserLoginTemplate;
			productReference = 282052391F6D92BF009AE71F /* UserLoginTemplate.app */;
			productType = "com.apple.product-type.application";
		};
		2820524C1F6D92BF009AE71F /* UserLoginTemplateTests */ = {
			isa = PBXNativeTarget;
			buildConfigurationList = 282052641F6D92BF009AE71F /* Build configuration list for PBXNativeTarget "UserLoginTemplateTests" */;
			buildPhases = (
				B7C0EDE734DAAD8A51497389 /* [CP] Check Pods Manifest.lock */,
				282052491F6D92BF009AE71F /* Sources */,
				2820524A1F6D92BF009AE71F /* Frameworks */,
				2820524B1F6D92BF009AE71F /* Resources */,
				AB03E8468674A5D73D9D6E03 /* [CP] Embed Pods Frameworks */,
				4467EB0643E7A933BC8F2B7E /* [CP] Copy Pods Resources */,
			);
			buildRules = (
			);
			dependencies = (
				2820524F1F6D92BF009AE71F /* PBXTargetDependency */,
			);
			name = UserLoginTemplateTests;
			productName = UserLoginTemplateTests;
			productReference = 2820524D1F6D92BF009AE71F /* UserLoginTemplateTests.xctest */;
			productType = "com.apple.product-type.bundle.unit-test";
		};
		282052571F6D92BF009AE71F /* UserLoginTemplateUITests */ = {
			isa = PBXNativeTarget;
			buildConfigurationList = 282052671F6D92BF009AE71F /* Build configuration list for PBXNativeTarget "UserLoginTemplateUITests" */;
			buildPhases = (
				606B74E2ADAAA92AF76D48E3 /* [CP] Check Pods Manifest.lock */,
				282052541F6D92BF009AE71F /* Sources */,
				282052551F6D92BF009AE71F /* Frameworks */,
				282052561F6D92BF009AE71F /* Resources */,
				7E2E37DA40B7E2AA0E796CB8 /* [CP] Embed Pods Frameworks */,
				D1EDD1A3D59F7FB3D443DA70 /* [CP] Copy Pods Resources */,
			);
			buildRules = (
			);
			dependencies = (
				2820525A1F6D92BF009AE71F /* PBXTargetDependency */,
			);
			name = UserLoginTemplateUITests;
			productName = UserLoginTemplateUITests;
			productReference = 282052581F6D92BF009AE71F /* UserLoginTemplateUITests.xctest */;
			productType = "com.apple.product-type.bundle.ui-testing";
		};
/* End PBXNativeTarget section */

/* Begin PBXProject section */
		282052311F6D92BF009AE71F /* Project object */ = {
			isa = PBXProject;
			attributes = {
				LastSwiftUpdateCheck = 0830;
				LastUpgradeCheck = 0830;
				ORGANIZATIONNAME = "Amit Patankar";
				TargetAttributes = {
					282052381F6D92BF009AE71F = {
						CreatedOnToolsVersion = 8.3.3;
						ProvisioningStyle = Automatic;
					};
					2820524C1F6D92BF009AE71F = {
						CreatedOnToolsVersion = 8.3.3;
						ProvisioningStyle = Automatic;
						TestTargetID = 282052381F6D92BF009AE71F;
					};
					282052571F6D92BF009AE71F = {
						CreatedOnToolsVersion = 8.3.3;
						ProvisioningStyle = Automatic;
						TestTargetID = 282052381F6D92BF009AE71F;
					};
				};
			};
			buildConfigurationList = 282052341F6D92BF009AE71F /* Build configuration list for PBXProject "UserLoginTemplate" */;
			compatibilityVersion = "Xcode 3.2";
			developmentRegion = English;
			hasScannedForEncodings = 0;
			knownRegions = (
				en,
				Base,
			);
			mainGroup = 282052301F6D92BF009AE71F;
			productRefGroup = 2820523A1F6D92BF009AE71F /* Products */;
			projectDirPath = "";
			projectRoot = "";
			targets = (
				282052381F6D92BF009AE71F /* UserLoginTemplate */,
				2820524C1F6D92BF009AE71F /* UserLoginTemplateTests */,
				282052571F6D92BF009AE71F /* UserLoginTemplateUITests */,
			);
		};
/* End PBXProject section */

/* Begin PBXResourcesBuildPhase section */
		282052371F6D92BF009AE71F /* Resources */ = {
			isa = PBXResourcesBuildPhase;
			buildActionMask = 2147483647;
			files = (
				282052471F6D92BF009AE71F /* LaunchScreen.storyboard in Resources */,
				282052711F6EDC53009AE71F /* GoogleService-Info.plist in Resources */,
				282052441F6D92BF009AE71F /* Assets.xcassets in Resources */,
				282052421F6D92BF009AE71F /* Main.storyboard in Resources */,
			);
			runOnlyForDeploymentPostprocessing = 0;
		};
		2820524B1F6D92BF009AE71F /* Resources */ = {
			isa = PBXResourcesBuildPhase;
			buildActionMask = 2147483647;
			files = (
			);
			runOnlyForDeploymentPostprocessing = 0;
		};
		282052561F6D92BF009AE71F /* Resources */ = {
			isa = PBXResourcesBuildPhase;
			buildActionMask = 2147483647;
			files = (
			);
			runOnlyForDeploymentPostprocessing = 0;
		};
/* End PBXResourcesBuildPhase section */

/* Begin PBXShellScriptBuildPhase section */
		4467EB0643E7A933BC8F2B7E /* [CP] Copy Pods Resources */ = {
			isa = PBXShellScriptBuildPhase;
			buildActionMask = 2147483647;
			files = (
			);
			inputPaths = (
			);
			name = "[CP] Copy Pods Resources";
			outputPaths = (
			);
			runOnlyForDeploymentPostprocessing = 0;
			shellPath = /bin/sh;
			shellScript = "\"${SRCROOT}/Pods/Target Support Files/Pods-UserLoginTemplateTests/Pods-UserLoginTemplateTests-resources.sh\"\n";
			showEnvVarsInLog = 0;
		};
		5567C4142376F16619AEEE6D /* [CP] Copy Pods Resources */ = {
			isa = PBXShellScriptBuildPhase;
			buildActionMask = 2147483647;
			files = (
			);
			inputPaths = (
			);
			name = "[CP] Copy Pods Resources";
			outputPaths = (
			);
			runOnlyForDeploymentPostprocessing = 0;
			shellPath = /bin/sh;
			shellScript = "\"${SRCROOT}/Pods/Target Support Files/Pods-UserLoginTemplate/Pods-UserLoginTemplate-resources.sh\"\n";
			showEnvVarsInLog = 0;
		};
		606B74E2ADAAA92AF76D48E3 /* [CP] Check Pods Manifest.lock */ = {
			isa = PBXShellScriptBuildPhase;
			buildActionMask = 2147483647;
			files = (
			);
			inputPaths = (
				"${PODS_PODFILE_DIR_PATH}/Podfile.lock",
				"${PODS_ROOT}/Manifest.lock",
			);
			name = "[CP] Check Pods Manifest.lock";
			outputPaths = (
				"$(DERIVED_FILE_DIR)/Pods-UserLoginTemplateUITests-checkManifestLockResult.txt",
			);
			runOnlyForDeploymentPostprocessing = 0;
			shellPath = /bin/sh;
			shellScript = "diff \"${PODS_PODFILE_DIR_PATH}/Podfile.lock\" \"${PODS_ROOT}/Manifest.lock\" > /dev/null\nif [ $? != 0 ] ; then\n    # print error to STDERR\n    echo \"error: The sandbox is not in sync with the Podfile.lock. Run 'pod install' or update your CocoaPods installation.\" >&2\n    exit 1\nfi\n# This output is used by Xcode 'outputs' to avoid re-running this script phase.\necho \"SUCCESS\" > \"${SCRIPT_OUTPUT_FILE_0}\"\n";
			showEnvVarsInLog = 0;
		};
		7E2E37DA40B7E2AA0E796CB8 /* [CP] Embed Pods Frameworks */ = {
			isa = PBXShellScriptBuildPhase;
			buildActionMask = 2147483647;
			files = (
			);
			inputPaths = (
			);
			name = "[CP] Embed Pods Frameworks";
			outputPaths = (
			);
			runOnlyForDeploymentPostprocessing = 0;
			shellPath = /bin/sh;
			shellScript = "\"${SRCROOT}/Pods/Target Support Files/Pods-UserLoginTemplateUITests/Pods-UserLoginTemplateUITests-frameworks.sh\"\n";
			showEnvVarsInLog = 0;
		};
		A3A04EDA85D20EC773C79241 /* [CP] Check Pods Manifest.lock */ = {
			isa = PBXShellScriptBuildPhase;
			buildActionMask = 2147483647;
			files = (
			);
			inputPaths = (
				"${PODS_PODFILE_DIR_PATH}/Podfile.lock",
				"${PODS_ROOT}/Manifest.lock",
			);
			name = "[CP] Check Pods Manifest.lock";
			outputPaths = (
				"$(DERIVED_FILE_DIR)/Pods-UserLoginTemplate-checkManifestLockResult.txt",
			);
			runOnlyForDeploymentPostprocessing = 0;
			shellPath = /bin/sh;
			shellScript = "diff \"${PODS_PODFILE_DIR_PATH}/Podfile.lock\" \"${PODS_ROOT}/Manifest.lock\" > /dev/null\nif [ $? != 0 ] ; then\n    # print error to STDERR\n    echo \"error: The sandbox is not in sync with the Podfile.lock. Run 'pod install' or update your CocoaPods installation.\" >&2\n    exit 1\nfi\n# This output is used by Xcode 'outputs' to avoid re-running this script phase.\necho \"SUCCESS\" > \"${SCRIPT_OUTPUT_FILE_0}\"\n";
			showEnvVarsInLog = 0;
		};
		AB03E8468674A5D73D9D6E03 /* [CP] Embed Pods Frameworks */ = {
			isa = PBXShellScriptBuildPhase;
			buildActionMask = 2147483647;
			files = (
			);
			inputPaths = (
			);
			name = "[CP] Embed Pods Frameworks";
			outputPaths = (
			);
			runOnlyForDeploymentPostprocessing = 0;
			shellPath = /bin/sh;
			shellScript = "\"${SRCROOT}/Pods/Target Support Files/Pods-UserLoginTemplateTests/Pods-UserLoginTemplateTests-frameworks.sh\"\n";
			showEnvVarsInLog = 0;
		};
		B7C0EDE734DAAD8A51497389 /* [CP] Check Pods Manifest.lock */ = {
			isa = PBXShellScriptBuildPhase;
			buildActionMask = 2147483647;
			files = (
			);
			inputPaths = (
				"${PODS_PODFILE_DIR_PATH}/Podfile.lock",
				"${PODS_ROOT}/Manifest.lock",
			);
			name = "[CP] Check Pods Manifest.lock";
			outputPaths = (
				"$(DERIVED_FILE_DIR)/Pods-UserLoginTemplateTests-checkManifestLockResult.txt",
			);
			runOnlyForDeploymentPostprocessing = 0;
			shellPath = /bin/sh;
			shellScript = "diff \"${PODS_PODFILE_DIR_PATH}/Podfile.lock\" \"${PODS_ROOT}/Manifest.lock\" > /dev/null\nif [ $? != 0 ] ; then\n    # print error to STDERR\n    echo \"error: The sandbox is not in sync with the Podfile.lock. Run 'pod install' or update your CocoaPods installation.\" >&2\n    exit 1\nfi\n# This output is used by Xcode 'outputs' to avoid re-running this script phase.\necho \"SUCCESS\" > \"${SCRIPT_OUTPUT_FILE_0}\"\n";
			showEnvVarsInLog = 0;
		};
		D1EDD1A3D59F7FB3D443DA70 /* [CP] Copy Pods Resources */ = {
			isa = PBXShellScriptBuildPhase;
			buildActionMask = 2147483647;
			files = (
			);
			inputPaths = (
			);
			name = "[CP] Copy Pods Resources";
			outputPaths = (
			);
			runOnlyForDeploymentPostprocessing = 0;
			shellPath = /bin/sh;
			shellScript = "\"${SRCROOT}/Pods/Target Support Files/Pods-UserLoginTemplateUITests/Pods-UserLoginTemplateUITests-resources.sh\"\n";
			showEnvVarsInLog = 0;
		};
		DC13CF23FDE1F067516CF6B0 /* [CP] Embed Pods Frameworks */ = {
			isa = PBXShellScriptBuildPhase;
			buildActionMask = 2147483647;
			files = (
			);
			inputPaths = (
				"${SRCROOT}/Pods/Target Support Files/Pods-UserLoginTemplate/Pods-UserLoginTemplate-frameworks.sh",
				"${BUILT_PRODUCTS_DIR}/GTMSessionFetcher/GTMSessionFetcher.framework",
				"${BUILT_PRODUCTS_DIR}/GoogleToolboxForMac/GoogleToolboxForMac.framework",
				"${BUILT_PRODUCTS_DIR}/leveldb-library/leveldb.framework",
				"${BUILT_PRODUCTS_DIR}/nanopb/nanopb.framework",
			);
			name = "[CP] Embed Pods Frameworks";
			outputPaths = (
				"${TARGET_BUILD_DIR}/${FRAMEWORKS_FOLDER_PATH}/GTMSessionFetcher.framework",
				"${TARGET_BUILD_DIR}/${FRAMEWORKS_FOLDER_PATH}/GoogleToolboxForMac.framework",
				"${TARGET_BUILD_DIR}/${FRAMEWORKS_FOLDER_PATH}/leveldb.framework",
				"${TARGET_BUILD_DIR}/${FRAMEWORKS_FOLDER_PATH}/nanopb.framework",
			);
			runOnlyForDeploymentPostprocessing = 0;
			shellPath = /bin/sh;
			shellScript = "\"${SRCROOT}/Pods/Target Support Files/Pods-UserLoginTemplate/Pods-UserLoginTemplate-frameworks.sh\"\n";
			showEnvVarsInLog = 0;
		};
/* End PBXShellScriptBuildPhase section */

/* Begin PBXSourcesBuildPhase section */
		282052351F6D92BF009AE71F /* Sources */ = {
			isa = PBXSourcesBuildPhase;
			buildActionMask = 2147483647;
			files = (
				2820526D1F6DA253009AE71F /* RegisterUserViewController.swift in Sources */,
				2820523F1F6D92BF009AE71F /* ViewController.swift in Sources */,
				28EC2F971F70B6E000B75524 /* ForgotPasswordViewController.swift in Sources */,
				2820523D1F6D92BF009AE71F /* AppDelegate.swift in Sources */,
				2820526F1F6DF8D4009AE71F /* HomePageViewController.swift in Sources */,
				2820526B1F6D9FC0009AE71F /* SignInViewController.swift in Sources */,
			);
			runOnlyForDeploymentPostprocessing = 0;
		};
		282052491F6D92BF009AE71F /* Sources */ = {
			isa = PBXSourcesBuildPhase;
			buildActionMask = 2147483647;
			files = (
				282052521F6D92BF009AE71F /* UserLoginTemplateTests.swift in Sources */,
			);
			runOnlyForDeploymentPostprocessing = 0;
		};
		282052541F6D92BF009AE71F /* Sources */ = {
			isa = PBXSourcesBuildPhase;
			buildActionMask = 2147483647;
			files = (
				2820525D1F6D92BF009AE71F /* UserLoginTemplateUITests.swift in Sources */,
			);
			runOnlyForDeploymentPostprocessing = 0;
		};
/* End PBXSourcesBuildPhase section */

/* Begin PBXTargetDependency section */
		2820524F1F6D92BF009AE71F /* PBXTargetDependency */ = {
			isa = PBXTargetDependency;
			target = 282052381F6D92BF009AE71F /* UserLoginTemplate */;
			targetProxy = 2820524E1F6D92BF009AE71F /* PBXContainerItemProxy */;
		};
		2820525A1F6D92BF009AE71F /* PBXTargetDependency */ = {
			isa = PBXTargetDependency;
			target = 282052381F6D92BF009AE71F /* UserLoginTemplate */;
			targetProxy = 282052591F6D92BF009AE71F /* PBXContainerItemProxy */;
		};
/* End PBXTargetDependency section */

/* Begin PBXVariantGroup section */
		282052401F6D92BF009AE71F /* Main.storyboard */ = {
			isa = PBXVariantGroup;
			children = (
				282052411F6D92BF009AE71F /* Base */,
			);
			name = Main.storyboard;
			sourceTree = "<group>";
		};
		282052451F6D92BF009AE71F /* LaunchScreen.storyboard */ = {
			isa = PBXVariantGroup;
			children = (
				282052461F6D92BF009AE71F /* Base */,
			);
			name = LaunchScreen.storyboard;
			sourceTree = "<group>";
		};
/* End PBXVariantGroup section */

/* Begin XCBuildConfiguration section */
		2820525F1F6D92BF009AE71F /* Debug */ = {
			isa = XCBuildConfiguration;
			buildSettings = {
				ALWAYS_SEARCH_USER_PATHS = NO;
				CLANG_ANALYZER_NONNULL = YES;
				CLANG_ANALYZER_NUMBER_OBJECT_CONVERSION = YES_AGGRESSIVE;
				CLANG_CXX_LANGUAGE_STANDARD = "gnu++0x";
				CLANG_CXX_LIBRARY = "libc++";
				CLANG_ENABLE_MODULES = YES;
				CLANG_ENABLE_OBJC_ARC = YES;
				CLANG_WARN_BOOL_CONVERSION = YES;
				CLANG_WARN_CONSTANT_CONVERSION = YES;
				CLANG_WARN_DIRECT_OBJC_ISA_USAGE = YES_ERROR;
				CLANG_WARN_DOCUMENTATION_COMMENTS = YES;
				CLANG_WARN_EMPTY_BODY = YES;
				CLANG_WARN_ENUM_CONVERSION = YES;
				CLANG_WARN_INFINITE_RECURSION = YES;
				CLANG_WARN_INT_CONVERSION = YES;
				CLANG_WARN_OBJC_ROOT_CLASS = YES_ERROR;
				CLANG_WARN_SUSPICIOUS_MOVE = YES;
				CLANG_WARN_UNREACHABLE_CODE = YES;
				CLANG_WARN__DUPLICATE_METHOD_MATCH = YES;
				"CODE_SIGN_IDENTITY[sdk=iphoneos*]" = "iPhone Developer";
				COPY_PHASE_STRIP = NO;
				DEBUG_INFORMATION_FORMAT = dwarf;
				ENABLE_STRICT_OBJC_MSGSEND = YES;
				ENABLE_TESTABILITY = YES;
				GCC_C_LANGUAGE_STANDARD = gnu99;
				GCC_DYNAMIC_NO_PIC = NO;
				GCC_NO_COMMON_BLOCKS = YES;
				GCC_OPTIMIZATION_LEVEL = 0;
				GCC_PREPROCESSOR_DEFINITIONS = (
					"DEBUG=1",
					"$(inherited)",
				);
				GCC_WARN_64_TO_32_BIT_CONVERSION = YES;
				GCC_WARN_ABOUT_RETURN_TYPE = YES_ERROR;
				GCC_WARN_UNDECLARED_SELECTOR = YES;
				GCC_WARN_UNINITIALIZED_AUTOS = YES_AGGRESSIVE;
				GCC_WARN_UNUSED_FUNCTION = YES;
				GCC_WARN_UNUSED_VARIABLE = YES;
				IPHONEOS_DEPLOYMENT_TARGET = 10.3;
				MTL_ENABLE_DEBUG_INFO = YES;
				ONLY_ACTIVE_ARCH = YES;
				SDKROOT = iphoneos;
				SWIFT_ACTIVE_COMPILATION_CONDITIONS = DEBUG;
				SWIFT_OPTIMIZATION_LEVEL = "-Onone";
				TARGETED_DEVICE_FAMILY = "1,2";
			};
			name = Debug;
		};
		282052601F6D92BF009AE71F /* Release */ = {
			isa = XCBuildConfiguration;
			buildSettings = {
				ALWAYS_SEARCH_USER_PATHS = NO;
				CLANG_ANALYZER_NONNULL = YES;
				CLANG_ANALYZER_NUMBER_OBJECT_CONVERSION = YES_AGGRESSIVE;
				CLANG_CXX_LANGUAGE_STANDARD = "gnu++0x";
				CLANG_CXX_LIBRARY = "libc++";
				CLANG_ENABLE_MODULES = YES;
				CLANG_ENABLE_OBJC_ARC = YES;
				CLANG_WARN_BOOL_CONVERSION = YES;
				CLANG_WARN_CONSTANT_CONVERSION = YES;
				CLANG_WARN_DIRECT_OBJC_ISA_USAGE = YES_ERROR;
				CLANG_WARN_DOCUMENTATION_COMMENTS = YES;
				CLANG_WARN_EMPTY_BODY = YES;
				CLANG_WARN_ENUM_CONVERSION = YES;
				CLANG_WARN_INFINITE_RECURSION = YES;
				CLANG_WARN_INT_CONVERSION = YES;
				CLANG_WARN_OBJC_ROOT_CLASS = YES_ERROR;
				CLANG_WARN_SUSPICIOUS_MOVE = YES;
				CLANG_WARN_UNREACHABLE_CODE = YES;
				CLANG_WARN__DUPLICATE_METHOD_MATCH = YES;
				"CODE_SIGN_IDENTITY[sdk=iphoneos*]" = "iPhone Developer";
				COPY_PHASE_STRIP = NO;
				DEBUG_INFORMATION_FORMAT = "dwarf-with-dsym";
				ENABLE_NS_ASSERTIONS = NO;
				ENABLE_STRICT_OBJC_MSGSEND = YES;
				GCC_C_LANGUAGE_STANDARD = gnu99;
				GCC_NO_COMMON_BLOCKS = YES;
				GCC_WARN_64_TO_32_BIT_CONVERSION = YES;
				GCC_WARN_ABOUT_RETURN_TYPE = YES_ERROR;
				GCC_WARN_UNDECLARED_SELECTOR = YES;
				GCC_WARN_UNINITIALIZED_AUTOS = YES_AGGRESSIVE;
				GCC_WARN_UNUSED_FUNCTION = YES;
				GCC_WARN_UNUSED_VARIABLE = YES;
				IPHONEOS_DEPLOYMENT_TARGET = 10.3;
				MTL_ENABLE_DEBUG_INFO = NO;
				SDKROOT = iphoneos;
				SWIFT_OPTIMIZATION_LEVEL = "-Owholemodule";
				TARGETED_DEVICE_FAMILY = "1,2";
				VALIDATE_PRODUCT = YES;
			};
			name = Release;
		};
		282052621F6D92BF009AE71F /* Debug */ = {
			isa = XCBuildConfiguration;
			baseConfigurationReference = 4373BE79FD8E09A48A74857C /* Pods-UserLoginTemplate.debug.xcconfig */;
			buildSettings = {
				ASSETCATALOG_COMPILER_APPICON_NAME = AppIcon;
				INFOPLIST_FILE = UserLoginTemplate/Info.plist;
				LD_RUNPATH_SEARCH_PATHS = "$(inherited) @executable_path/Frameworks";
				PRODUCT_BUNDLE_IDENTIFIER = com.av8ramit.UserLoginTemplate;
				PRODUCT_NAME = "$(TARGET_NAME)";
				SWIFT_VERSION = 3.0;
			};
			name = Debug;
		};
		282052631F6D92BF009AE71F /* Release */ = {
			isa = XCBuildConfiguration;
			baseConfigurationReference = E4DCEBA01218D2923806E5E6 /* Pods-UserLoginTemplate.release.xcconfig */;
			buildSettings = {
				ASSETCATALOG_COMPILER_APPICON_NAME = AppIcon;
				INFOPLIST_FILE = UserLoginTemplate/Info.plist;
				LD_RUNPATH_SEARCH_PATHS = "$(inherited) @executable_path/Frameworks";
				PRODUCT_BUNDLE_IDENTIFIER = com.av8ramit.UserLoginTemplate;
				PRODUCT_NAME = "$(TARGET_NAME)";
				SWIFT_VERSION = 3.0;
			};
			name = Release;
		};
		282052651F6D92BF009AE71F /* Debug */ = {
			isa = XCBuildConfiguration;
			baseConfigurationReference = 399639F2EAA6CC8F55D3837C /* Pods-UserLoginTemplateTests.debug.xcconfig */;
			buildSettings = {
				ALWAYS_EMBED_SWIFT_STANDARD_LIBRARIES = YES;
				BUNDLE_LOADER = "$(TEST_HOST)";
				INFOPLIST_FILE = UserLoginTemplateTests/Info.plist;
				LD_RUNPATH_SEARCH_PATHS = "$(inherited) @executable_path/Frameworks @loader_path/Frameworks";
				PRODUCT_BUNDLE_IDENTIFIER = com.av8ramit.UserLoginTemplateTests;
				PRODUCT_NAME = "$(TARGET_NAME)";
				SWIFT_VERSION = 3.0;
				TEST_HOST = "$(BUILT_PRODUCTS_DIR)/UserLoginTemplate.app/UserLoginTemplate";
			};
			name = Debug;
		};
		282052661F6D92BF009AE71F /* Release */ = {
			isa = XCBuildConfiguration;
			baseConfigurationReference = 6F588608683006CAC2F29E70 /* Pods-UserLoginTemplateTests.release.xcconfig */;
			buildSettings = {
				ALWAYS_EMBED_SWIFT_STANDARD_LIBRARIES = YES;
				BUNDLE_LOADER = "$(TEST_HOST)";
				INFOPLIST_FILE = UserLoginTemplateTests/Info.plist;
				LD_RUNPATH_SEARCH_PATHS = "$(inherited) @executable_path/Frameworks @loader_path/Frameworks";
				PRODUCT_BUNDLE_IDENTIFIER = com.av8ramit.UserLoginTemplateTests;
				PRODUCT_NAME = "$(TARGET_NAME)";
				SWIFT_VERSION = 3.0;
				TEST_HOST = "$(BUILT_PRODUCTS_DIR)/UserLoginTemplate.app/UserLoginTemplate";
			};
			name = Release;
		};
		282052681F6D92BF009AE71F /* Debug */ = {
			isa = XCBuildConfiguration;
			baseConfigurationReference = FAD7088E62F925C939E94C8B /* Pods-UserLoginTemplateUITests.debug.xcconfig */;
			buildSettings = {
				ALWAYS_EMBED_SWIFT_STANDARD_LIBRARIES = YES;
				INFOPLIST_FILE = UserLoginTemplateUITests/Info.plist;
				LD_RUNPATH_SEARCH_PATHS = "$(inherited) @executable_path/Frameworks @loader_path/Frameworks";
				PRODUCT_BUNDLE_IDENTIFIER = com.av8ramit.UserLoginTemplateUITests;
				PRODUCT_NAME = "$(TARGET_NAME)";
				SWIFT_VERSION = 3.0;
				TEST_TARGET_NAME = UserLoginTemplate;
			};
			name = Debug;
		};
		282052691F6D92BF009AE71F /* Release */ = {
			isa = XCBuildConfiguration;
			baseConfigurationReference = 78D9D6357FB07414FD77C309 /* Pods-UserLoginTemplateUITests.release.xcconfig */;
			buildSettings = {
				ALWAYS_EMBED_SWIFT_STANDARD_LIBRARIES = YES;
				INFOPLIST_FILE = UserLoginTemplateUITests/Info.plist;
				LD_RUNPATH_SEARCH_PATHS = "$(inherited) @executable_path/Frameworks @loader_path/Frameworks";
				PRODUCT_BUNDLE_IDENTIFIER = com.av8ramit.UserLoginTemplateUITests;
				PRODUCT_NAME = "$(TARGET_NAME)";
				SWIFT_VERSION = 3.0;
				TEST_TARGET_NAME = UserLoginTemplate;
			};
			name = Release;
		};
/* End XCBuildConfiguration section */

/* Begin XCConfigurationList section */
		282052341F6D92BF009AE71F /* Build configuration list for PBXProject "UserLoginTemplate" */ = {
			isa = XCConfigurationList;
			buildConfigurations = (
				2820525F1F6D92BF009AE71F /* Debug */,
				282052601F6D92BF009AE71F /* Release */,
			);
			defaultConfigurationIsVisible = 0;
			defaultConfigurationName = Release;
		};
		282052611F6D92BF009AE71F /* Build configuration list for PBXNativeTarget "UserLoginTemplate" */ = {
			isa = XCConfigurationList;
			buildConfigurations = (
				282052621F6D92BF009AE71F /* Debug */,
				282052631F6D92BF009AE71F /* Release */,
			);
			defaultConfigurationIsVisible = 0;
			defaultConfigurationName = Release;
		};
		282052641F6D92BF009AE71F /* Build configuration list for PBXNativeTarget "UserLoginTemplateTests" */ = {
			isa = XCConfigurationList;
			buildConfigurations = (
				282052651F6D92BF009AE71F /* Debug */,
				282052661F6D92BF009AE71F /* Release */,
			);
			defaultConfigurationIsVisible = 0;
			defaultConfigurationName = Release;
		};
		282052671F6D92BF009AE71F /* Build configuration list for PBXNativeTarget "UserLoginTemplateUITests" */ = {
			isa = XCConfigurationList;
			buildConfigurations = (
				282052681F6D92BF009AE71F /* Debug */,
				282052691F6D92BF009AE71F /* Release */,
			);
			defaultConfigurationIsVisible = 0;
			defaultConfigurationName = Release;
		};
/* End XCConfigurationList section */
	};
	rootObject = 282052311F6D92BF009AE71F /* Project object */;
}
